# Auto-generated by scripts/vendor-proxy.sh — do not edit by hand.
# The files below are a mirror of https://github.com/wiresock/amneziawg-install:amneziawg-proxy/src
# transformed with sed 's/crate::/crate::proxy::/g', then the local patches in src/proxy/patches/ applied.
repo=https://github.com/wiresock/amneziawg-install
ref=7c2e7ddbb0ff813f809c2133ddb39328b58fe7e2
requested_ref=7c2e7ddbb0ff813f809c2133ddb39328b58fe7e2
subdir=amneziawg-proxy/src
transform=s/crate::/crate::proxy::/g
proxy_version=0.1.7
# sha256 of each vendored file AS WRITTEN into src/proxy/ (post-transform, post-patch):
backend.rs=b8b7c293d900b70ebbbf1cd07cdcf05fdbca2ae861a0ffc2ae58d31ac1d9f50a
config.rs=15e0dd104292b58a4f87357113fbbff12f0647a3853642b69cecb3c2514766ad
errors.rs=d2b184a641b7cef20c782777877ac101787c62023a257d33b26d79a905e28427
metrics.rs=a0a532067cba791d53af0166b16eceb168c0bdbd169554ddd95d62a2a89156f5
proxy.rs=2344e3246c64e347c1049b51a6587b1bf70f9c0d211a86a97d40166c34681794
quic_handshake.rs=8ed66bcec882f778be9fdbd471fe1161dae0bb40548185dd6cb9565b86cc3b69
responder.rs=55e7e88245b17779c3fb2284c881e24f44c923727a1d1f6462a5b29facd8aada
session.rs=d9a40de544c4e8811a3a664668c0950033abadfd36e9a2d2a995086439e61f5c
transform.rs=3a3cd40b8e3af4cef7285d20a7b11b07169078ed315675f7334cb4789c6d19a9
# sha256 of each local security patch (applied after the transform):
patch/0001-deconstant-dns-sip-fingerprints.patch=4ee744a6155a125b6461929bf4414fc335163ea2805758b62868fd2c93634a1a
